
Microsoft Visual Studio Solution File, Format Version 12.00
# Visual Studio 15
VisualStudioVersion = 15.0.27703.2026
MinimumVisualStudioVersion = 10.0.40219.1
Project("{FAE04EC0-301F-11D3-BF4B-00C04F79EFBC}") = "dB_Manager", "dB_Manager\dB_Manager.csproj", "{FF8E41F1-0696-46CD-BC78-43D76447BFC8}"
EndProject
Global
	GlobalSection(SolutionConfigurationPlatforms) = preSolution
		Debug|Any CPU = Debug|Any CPU
		Release|Any CPU = Release|Any CPU
	EndGlobalSection
	GlobalSection(ProjectConfigurationPlatforms) = postSolution
		{FF8E41F1-0696-46CD-BC78-43D76447BFC8}.Debug|Any CPU.ActiveCfg = Debug|Any CPU
		{FF8E41F1-0696-46CD-BC78-43D76447BFC8}.Debug|Any CPU.Build.0 = Debug|Any CPU
		{FF8E41F1-0696-46CD-BC78-43D76447BFC8}.Release|Any CPU.ActiveCfg = Release|Any CPU
		{FF8E41F1-0696-46CD-BC78-43D76447BFC8}.Release|Any CPU.Build.0 = Release|Any CPU
	EndGlobalSection
	GlobalSection(SolutionProperties) = preSolution
		HideSolutionNode = FALSE
	EndGlobalSection
	GlobalSection(ExtensibilityGlobals) = postSolution
		SolutionGuid = {20DCF0D8-9483-47E9-929F-0F92E2A471BD}
	EndGlobalSection
EndGlobal
